
Microsoft Visual Studio Solution File, Format Version 12.00
# Visual Studio Version 18
VisualStudioVersion = 18.4.11626.88 stable
MinimumVisualStudioVersion = 10.0.40219.1
Project("{FAE04EC0-301F-11D3-BF4B-00C04F79EFBC}") = "CeVIO_AI_時報", "CeVIO_AI_時報.csproj", "{C393FA49-AD5C-422D-A704-3AD052E6D22D}"
EndProject
Global
	GlobalSection(SolutionConfigurationPlatforms) = preSolution
		Debug|Any CPU = Debug|Any CPU
		Release|Any CPU = Release|Any CPU
	EndGlobalSection
	GlobalSection(ProjectConfigurationPlatforms) = postSolution
		{C393FA49-AD5C-422D-A704-3AD052E6D22D}.Debug|Any CPU.ActiveCfg = Debug|Any CPU
		{C393FA49-AD5C-422D-A704-3AD052E6D22D}.Debug|Any CPU.Build.0 = Debug|Any CPU
		{C393FA49-AD5C-422D-A704-3AD052E6D22D}.Release|Any CPU.ActiveCfg = Release|Any CPU
		{C393FA49-AD5C-422D-A704-3AD052E6D22D}.Release|Any CPU.Build.0 = Release|Any CPU
	EndGlobalSection
	GlobalSection(SolutionProperties) = preSolution
		HideSolutionNode = FALSE
	EndGlobalSection
	GlobalSection(ExtensibilityGlobals) = postSolution
		SolutionGuid = {5EB0570C-73B2-4BD7-9D51-3A8388E8F396}
	EndGlobalSection
EndGlobal
